
Microsoft Visual Studio Solution File, Format Version 12.00
# Visual Studio Version 17
VisualStudioVersion = 17.14.36109.1 d17.14
MinimumVisualStudioVersion = 10.0.40219.1
Project("{FAE04EC0-301F-11D3-BF4B-00C04F79EFBC}") = "Library", "Library\Library.csproj", "{EA605566-C861-44C1-B880-477C65C0BF07}"
EndProject
Project("{FAE04EC0-301F-11D3-BF4B-00C04F79EFBC}") = "LogWorker", "LogWorker\LogWorker.csproj", "{55CD0DE4-C420-4E42-A71E-F1F18DAB875B}"
EndProject
Project("{FAE04EC0-301F-11D3-BF4B-00C04F79EFBC}") = "Metrics", "Metrics\Metrics.csproj", "{84814565-4075-4DF7-9531-E4F00D7753B6}"
EndProject
Project("{2150E333-8FDC-42A3-9474-1A3956D46DE8}") = "READ.md", "READ.md", "{907DF245-C1B8-4BD4-B44C-F3BDE8DA4772}"
EndProject
Global
	GlobalSection(SolutionConfigurationPlatforms) = preSolution
		Debug|Any CPU = Debug|Any CPU
		Release|Any CPU = Release|Any CPU
	EndGlobalSection
	GlobalSection(ProjectConfigurationPlatforms) = postSolution
		{EA605566-C861-44C1-B880-477C65C0BF07}.Debug|Any CPU.ActiveCfg = Debug|Any CPU
		{EA605566-C861-44C1-B880-477C65C0BF07}.Debug|Any CPU.Build.0 = Debug|Any CPU
		{EA605566-C861-44C1-B880-477C65C0BF07}.Release|Any CPU.ActiveCfg = Release|Any CPU
		{EA605566-C861-44C1-B880-477C65C0BF07}.Release|Any CPU.Build.0 = Release|Any CPU
		{55CD0DE4-C420-4E42-A71E-F1F18DAB875B}.Debug|Any CPU.ActiveCfg = Debug|Any CPU
		{55CD0DE4-C420-4E42-A71E-F1F18DAB875B}.Debug|Any CPU.Build.0 = Debug|Any CPU
		{55CD0DE4-C420-4E42-A71E-F1F18DAB875B}.Release|Any CPU.ActiveCfg = Release|Any CPU
		{55CD0DE4-C420-4E42-A71E-F1F18DAB875B}.Release|Any CPU.Build.0 = Release|Any CPU
		{84814565-4075-4DF7-9531-E4F00D7753B6}.Debug|Any CPU.ActiveCfg = Debug|Any CPU
		{84814565-4075-4DF7-9531-E4F00D7753B6}.Debug|Any CPU.Build.0 = Debug|Any CPU
		{84814565-4075-4DF7-9531-E4F00D7753B6}.Release|Any CPU.ActiveCfg = Release|Any CPU
		{84814565-4075-4DF7-9531-E4F00D7753B6}.Release|Any CPU.Build.0 = Release|Any CPU
	EndGlobalSection
	GlobalSection(SolutionProperties) = preSolution
		HideSolutionNode = FALSE
	EndGlobalSection
	GlobalSection(ExtensibilityGlobals) = postSolution
		SolutionGuid = {5645089F-DE02-4028-BF60-DC985D168EA1}
	EndGlobalSection
EndGlobal
